{
  "name": "logviewer.plugin.transport.dlt",
  "version": "1.0.4",
  "lockfileVersion": 1,
  "requires": true,
  "dependencies": {
    "@types/node": {
      "version": "10.14.22",
      "resolved": "http://localhost:4873/@types/node/-/node-10.14.22.tgz",
      "integrity": "sha512-9taxKC944BqoTVjE+UT3pQH0nHZlTvITwfsOZqyc+R3sfJuxaTtxWjfn1K2UlxyPcKHf0rnaXcVFrS9F9vf0bw==",
      "dev": true
    },
    "dltreader": {
      "version": "0.0.12",
      "resolved": "http://localhost:4873/dltreader/-/dltreader-0.0.12.tgz",
      "integrity": "sha512-S0eZ1+YqQz36xeXvUY8mcdKmKzsc3MdKb/LXx5AkZKYu2G2lAj3wVLuz/JbAF6lmk+pglsGcbknbD4Vqq/zTLA=="
    },
    "logviewer.plugin.ipc": {
      "version": "0.0.30",
      "resolved": "http://localhost:4873/logviewer.plugin.ipc/-/logviewer.plugin.ipc-0.0.30.tgz",
      "integrity": "sha512-p6VaV3T8Iofx31yiiKeDcsjX1z++zZFum7SjyXUdMoZlLGgAv7wY1RXhowblTy+RPbgN765XN8A+xTjxwVaLNA=="
    },
    "typescript": {
      "version": "3.6.4",
      "resolved": "http://localhost:4873/typescript/-/typescript-3.6.4.tgz",
      "integrity": "sha512-unoCll1+l+YK4i4F8f22TaNVPRHcD9PA3yCuZ8g5e0qGqlVlJ/8FSateOLLSagn+Yg5+ZwuPkL8LFUc0Jcvksg==",
      "dev": true
    }
  }
}
