{
  "name": "logviewer.plugin.transport.dlt",
  "version": "1.0.5",
  "lockfileVersion": 1,
  "requires": true,
  "dependencies": {
    "@types/node": {
      "version": "10.17.9",
      "resolved": "https://registry.npmjs.org/@types/node/-/node-10.17.9.tgz",
      "integrity": "sha512-+6VygF9LbG7Gaqeog2G7u1+RUcmo0q1rI+2ZxdIg2fAUngk5Vz9fOCHXdloNUOHEPd1EuuOpL5O0CdgN9Fx5UQ==",
      "dev": true
    },
    "chipmunk.plugin.ipc": {
      "version": "0.0.33",
      "resolved": "https://registry.npmjs.org/chipmunk.plugin.ipc/-/chipmunk.plugin.ipc-0.0.33.tgz",
      "integrity": "sha512-V3ArNWFoFE2OFjDN1P14Twm415Dr+U55qWnA3qKDpQkjCO8nIK20HDG7WZ1va619YDUUd/oZVq5Pq2T+jzQnKA=="
    },
    "dltreader": {
      "version": "0.0.12",
      "resolved": "https://registry.npmjs.org/dltreader/-/dltreader-0.0.12.tgz",
      "integrity": "sha512-S0eZ1+YqQz36xeXvUY8mcdKmKzsc3MdKb/LXx5AkZKYu2G2lAj3wVLuz/JbAF6lmk+pglsGcbknbD4Vqq/zTLA=="
    },
    "typescript": {
      "version": "3.7.3",
      "resolved": "https://registry.npmjs.org/typescript/-/typescript-3.7.3.tgz",
      "integrity": "sha512-Mcr/Qk7hXqFBXMN7p7Lusj1ktCBydylfQM/FZCk5glCNQJrCUKPkMHdo9R0MTFWsC/4kPFvDS0fDPvukfCkFsw==",
      "dev": true
    }
  }
}
